{
  "requires": true,
  "lockfileVersion": 1,
  "dependencies": {
    "bootstrap": {
      "version": "4.0.0-beta.3",
      "resolved": "https://registry.npmjs.org/bootstrap/-/bootstrap-4.0.0-beta.3.tgz",
      "integrity": "sha512-/Qe1Q2d1muLEZRX2iCteMQHZBBAm6ZIjJ9FcBYK/xLr05+HvDtBOVBN+Cz7mCNZuy0zr+y5artZHM05W7mIz6g=="
    },
    "vue": {
      "version": "2.5.13",
      "resolved": "https://registry.npmjs.org/vue/-/vue-2.5.13.tgz",
      "integrity": "sha512-3D+lY7HTkKbtswDM4BBHgqyq+qo8IAEE8lz8va1dz3LLmttjgo0FxairO4r1iN2OBqk8o1FyL4hvzzTFEdQSEw=="
    }
  }
}
